// !$*UTF8*$!
{
	archiveVersion = 1;
	classes = {
	};
	objectVersion = 46;
	objects = {

/* Begin PBXBuildFile section */
		8109AE231F2D6C2700069DD7 /* SongTableView.swift in Sources */ = {isa = PBXBuildFile; fileRef = 8109AE221F2D6C2700069DD7 /* SongTableView.swift */; };
		8109AE281F2D6E6F00069DD7 /* SongTableViewCell.swift in Sources */ = {isa = PBXBuildFile; fileRef = 8109AE261F2D6E6F00069DD7 /* SongTableViewCell.swift */; };
		8109AE291F2D6E6F00069DD7 /* SongTableViewCell.xib in Resources */ = {isa = PBXBuildFile; fileRef = 8109AE271F2D6E6F00069DD7 /* SongTableViewCell.xib */; };
		817FEADD1F2AA6680036D5FE /* AuthTokenModel.swift in Sources */ = {isa = PBXBuildFile; fileRef = 817FEADC1F2AA6680036D5FE /* AuthTokenModel.swift */; };
		817FEADF1F2BB6750036D5FE /* SongsTableViewController.swift in Sources */ = {isa = PBXBuildFile; fileRef = 817FEADE1F2BB6750036D5FE /* SongsTableViewController.swift */; };
		817FEAE31F2BCEEF0036D5FE /* SongViewModel.swift in Sources */ = {isa = PBXBuildFile; fileRef = 817FEAE21F2BCEEF0036D5FE /* SongViewModel.swift */; };
		81955FBF1F2993220083911E /* GlobalStrings.swift in Sources */ = {isa = PBXBuildFile; fileRef = 81955FBE1F2993220083911E /* GlobalStrings.swift */; };
		81CFD43F1F291E9900E5B1BB /* AppDelegate.swift in Sources */ = {isa = PBXBuildFile; fileRef = 81CFD43E1F291E9900E5B1BB /* AppDelegate.swift */; };
		81CFD4461F291E9900E5B1BB /* Assets.xcassets in Resources */ = {isa = PBXBuildFile; fileRef = 81CFD4451F291E9900E5B1BB /* Assets.xcassets */; };
		81CFD4491F291E9900E5B1BB /* LaunchScreen.storyboard in Resources */ = {isa = PBXBuildFile; fileRef = 81CFD4471F291E9900E5B1BB /* LaunchScreen.storyboard */; };
		81CFD4541F291E9900E5B1BB /* PotentialMusicStartUpApplicationTests.swift in Sources */ = {isa = PBXBuildFile; fileRef = 81CFD4531F291E9900E5B1BB /* PotentialMusicStartUpApplicationTests.swift */; };
		81CFD45F1F29334D00E5B1BB /* RequestManager.swift in Sources */ = {isa = PBXBuildFile; fileRef = 81CFD45E1F29334D00E5B1BB /* RequestManager.swift */; };
		9793C0362C78856835E73B7B /* Pods_PotentialMusicStartUpApplication.framework in Frameworks */ = {isa = PBXBuildFile; fileRef = 38FD25BE8C3D638084FA5A9E /* Pods_PotentialMusicStartUpApplication.framework */; };
		AE0843DDEB5CE6DEB6787CE2 /* Pods_PotentialMusicStartUpApplicationTests.framework in Frameworks */ = {isa = PBXBuildFile; fileRef = A9FA6F211867C8535D217CCF /* Pods_PotentialMusicStartUpApplicationTests.framework */; };
/* End PBXBuildFile section */

/* Begin PBXContainerItemProxy section */
		81CFD4501F291E9900E5B1BB /* PBXContainerItemProxy */ = {
			isa = PBXContainerItemProxy;
			containerPortal = 81CFD4331F291E9900E5B1BB /* Project object */;
			proxyType = 1;
			remoteGlobalIDString = 81CFD43A1F291E9900E5B1BB;
			remoteInfo = PotentialMusicStartUpApplication;
		};
/* End PBXContainerItemProxy section */

/* Begin PBXFileReference section */
		38FD25BE8C3D638084FA5A9E /* Pods_PotentialMusicStartUpApplication.framework */ = {isa = PBXFileReference; explicitFileType = wrapper.framework; includeInIndex = 0; path = Pods_PotentialMusicStartUpApplication.framework; sourceTree = BUILT_PRODUCTS_DIR; };
		3FC642786E5935B83099B39A /* Pods-PotentialMusicStartUpApplication.debug.xcconfig */ = {isa = PBXFileReference; includeInIndex = 1; lastKnownFileType = text.xcconfig; name = "Pods-PotentialMusicStartUpApplication.debug.xcconfig"; path = "Pods/Target Support Files/Pods-PotentialMusicStartUpApplication/Pods-PotentialMusicStartUpApplication.debug.xcconfig"; sourceTree = "<group>"; };
		7A1B44D22ACA3F0F3E61C5A6 /* Pods-PotentialMusicStartUpApplication.release.xcconfig */ = {isa = PBXFileReference; includeInIndex = 1; lastKnownFileType = text.xcconfig; name = "Pods-PotentialMusicStartUpApplication.release.xcconfig"; path = "Pods/Target Support Files/Pods-PotentialMusicStartUpApplication/Pods-PotentialMusicStartUpApplication.release.xcconfig"; sourceTree = "<group>"; };
		8109AE221F2D6C2700069DD7 /* SongTableView.swift */ = {isa = PBXFileReference; fileEncoding = 4; lastKnownFileType = sourcecode.swift; path = SongTableView.swift; sourceTree = "<group>"; };
		8109AE261F2D6E6F00069DD7 /* SongTableViewCell.swift */ = {isa = PBXFileReference; fileEncoding = 4; lastKnownFileType = sourcecode.swift; path = SongTableViewCell.swift; sourceTree = "<group>"; };
		8109AE271F2D6E6F00069DD7 /* SongTableViewCell.xib */ = {isa = PBXFileReference; fileEncoding = 4; lastKnownFileType = file.xib; path = SongTableViewCell.xib; sourceTree = "<group>"; };
		817FEADC1F2AA6680036D5FE /* AuthTokenModel.swift */ = {isa = PBXFileReference; fileEncoding = 4; lastKnownFileType = sourcecode.swift; path = AuthTokenModel.swift; sourceTree = "<group>"; };
		817FEADE1F2BB6750036D5FE /* SongsTableViewController.swift */ = {isa = PBXFileReference; fileEncoding = 4; lastKnownFileType = sourcecode.swift; path = SongsTableViewController.swift; sourceTree = "<group>"; };
		817FEAE21F2BCEEF0036D5FE /* SongViewModel.swift */ = {isa = PBXFileReference; fileEncoding = 4; lastKnownFileType = sourcecode.swift; path = SongViewModel.swift; sourceTree = "<group>"; };
		81955FBE1F2993220083911E /* GlobalStrings.swift */ = {isa = PBXFileReference; fileEncoding = 4; lastKnownFileType = sourcecode.swift; path = GlobalStrings.swift; sourceTree = "<group>"; };
		81CFD43B1F291E9900E5B1BB /* PotentialMusicStartUpApplication.app */ = {isa = PBXFileReference; explicitFileType = wrapper.application; includeInIndex = 0; path = PotentialMusicStartUpApplication.app; sourceTree = BUILT_PRODUCTS_DIR; };
		81CFD43E1F291E9900E5B1BB /* AppDelegate.swift */ = {isa = PBXFileReference; lastKnownFileType = sourcecode.swift; path = AppDelegate.swift; sourceTree = "<group>"; };
		81CFD4451F291E9900E5B1BB /* Assets.xcassets */ = {isa = PBXFileReference; lastKnownFileType = folder.assetcatalog; path = Assets.xcassets; sourceTree = "<group>"; };
		81CFD4481F291E9900E5B1BB /* Base */ = {isa = PBXFileReference; lastKnownFileType = file.storyboard; name = Base; path = Base.lproj/LaunchScreen.storyboard; sourceTree = "<group>"; };
		81CFD44A1F291E9900E5B1BB /* Info.plist */ = {isa = PBXFileReference; lastKnownFileType = text.plist.xml; path = Info.plist; sourceTree = "<group>"; };
		81CFD44F1F291E9900E5B1BB /* PotentialMusicStartUpApplicationTests.xctest */ = {isa = PBXFileReference; explicitFileType = wrapper.cfbundle; includeInIndex = 0; path = PotentialMusicStartUpApplicationTests.xctest; sourceTree = BUILT_PRODUCTS_DIR; };
		81CFD4531F291E9900E5B1BB /* PotentialMusicStartUpApplicationTests.swift */ = {isa = PBXFileReference; lastKnownFileType = sourcecode.swift; path = PotentialMusicStartUpApplicationTests.swift; sourceTree = "<group>"; };
		81CFD4551F291E9900E5B1BB /* Info.plist */ = {isa = PBXFileReference; lastKnownFileType = text.plist.xml; path = Info.plist; sourceTree = "<group>"; };
		81CFD45E1F29334D00E5B1BB /* RequestManager.swift */ = {isa = PBXFileReference; fileEncoding = 4; lastKnownFileType = sourcecode.swift; path = RequestManager.swift; sourceTree = "<group>"; };
		959507A2B740B65EBE759DB0 /* Pods-PotentialMusicStartUpApplicationTests.debug.xcconfig */ = {isa = PBXFileReference; includeInIndex = 1; lastKnownFileType = text.xcconfig; name = "Pods-PotentialMusicStartUpApplicationTests.debug.xcconfig"; path = "Pods/Target Support Files/Pods-PotentialMusicStartUpApplicationTests/Pods-PotentialMusicStartUpApplicationTests.debug.xcconfig"; sourceTree = "<group>"; };
		A030601508A29CA1B8B7130A /* Pods-PotentialMusicStartUpApplicationTests.release.xcconfig */ = {isa = PBXFileReference; includeInIndex = 1; lastKnownFileType = text.xcconfig; name = "Pods-PotentialMusicStartUpApplicationTests.release.xcconfig"; path = "Pods/Target Support Files/Pods-PotentialMusicStartUpApplicationTests/Pods-PotentialMusicStartUpApplicationTests.release.xcconfig"; sourceTree = "<group>"; };
		A9FA6F211867C8535D217CCF /* Pods_PotentialMusicStartUpApplicationTests.framework */ = {isa = PBXFileReference; explicitFileType = wrapper.framework; includeInIndex = 0; path = Pods_PotentialMusicStartUpApplicationTests.framework; sourceTree = BUILT_PRODUCTS_DIR; };
/* End PBXFileReference section */

/* Begin PBXFrameworksBuildPhase section */
		81CFD4381F291E9900E5B1BB /* Frameworks */ = {
			isa = PBXFrameworksBuildPhase;
			buildActionMask = 2147483647;
			files = (
				9793C0362C78856835E73B7B /* Pods_PotentialMusicStartUpApplication.framework in Frameworks */,
			);
			runOnlyForDeploymentPostprocessing = 0;
		};
		81CFD44C1F291E9900E5B1BB /* Frameworks */ = {
			isa = PBXFrameworksBuildPhase;
			buildActionMask = 2147483647;
			files = (
				AE0843DDEB5CE6DEB6787CE2 /* Pods_PotentialMusicStartUpApplicationTests.framework in Frameworks */,
			);
			runOnlyForDeploymentPostprocessing = 0;
		};
/* End PBXFrameworksBuildPhase section */

/* Begin PBXGroup section */
		819327181F2D0C7A001CA913 /* NetworkManagement */ = {
			isa = PBXGroup;
			children = (
				81CFD45E1F29334D00E5B1BB /* RequestManager.swift */,
				817FEAE21F2BCEEF0036D5FE /* SongViewModel.swift */,
				817FEADC1F2AA6680036D5FE /* AuthTokenModel.swift */,
			);
			name = NetworkManagement;
			sourceTree = "<group>";
		};
		81CFD4321F291E9900E5B1BB = {
			isa = PBXGroup;
			children = (
				81CFD43D1F291E9900E5B1BB /* PotentialMusicStartUpApplication */,
				81CFD4521F291E9900E5B1BB /* PotentialMusicStartUpApplicationTests */,
				81CFD43C1F291E9900E5B1BB /* Products */,
				B8FB6F480BF3CB35E837D909 /* Pods */,
				D764CE478E3B7366CC8D14D1 /* Frameworks */,
			);
			sourceTree = "<group>";
		};
		81CFD43C1F291E9900E5B1BB /* Products */ = {
			isa = PBXGroup;
			children = (
				81CFD43B1F291E9900E5B1BB /* PotentialMusicStartUpApplication.app */,
				81CFD44F1F291E9900E5B1BB /* PotentialMusicStartUpApplicationTests.xctest */,
			);
			name = Products;
			sourceTree = "<group>";
		};
		81CFD43D1F291E9900E5B1BB /* PotentialMusicStartUpApplication */ = {
			isa = PBXGroup;
			children = (
				81CFD43E1F291E9900E5B1BB /* AppDelegate.swift */,
				817FEADE1F2BB6750036D5FE /* SongsTableViewController.swift */,
				819327181F2D0C7A001CA913 /* NetworkManagement */,
				81955FBE1F2993220083911E /* GlobalStrings.swift */,
				8109AE221F2D6C2700069DD7 /* SongTableView.swift */,
				8109AE261F2D6E6F00069DD7 /* SongTableViewCell.swift */,
				8109AE271F2D6E6F00069DD7 /* SongTableViewCell.xib */,
				81CFD4451F291E9900E5B1BB /* Assets.xcassets */,
				81CFD4471F291E9900E5B1BB /* LaunchScreen.storyboard */,
				81CFD44A1F291E9900E5B1BB /* Info.plist */,
			);
			path = PotentialMusicStartUpApplication;
			sourceTree = "<group>";
		};
		81CFD4521F291E9900E5B1BB /* PotentialMusicStartUpApplicationTests */ = {
			isa = PBXGroup;
			children = (
				81CFD4531F291E9900E5B1BB /* PotentialMusicStartUpApplicationTests.swift */,
				81CFD4551F291E9900E5B1BB /* Info.plist */,
			);
			path = PotentialMusicStartUpApplicationTests;
			sourceTree = "<group>";
		};
		B8FB6F480BF3CB35E837D909 /* Pods */ = {
			isa = PBXGroup;
			children = (
				3FC642786E5935B83099B39A /* Pods-PotentialMusicStartUpApplication.debug.xcconfig */,
				7A1B44D22ACA3F0F3E61C5A6 /* Pods-PotentialMusicStartUpApplication.release.xcconfig */,
				959507A2B740B65EBE759DB0 /* Pods-PotentialMusicStartUpApplicationTests.debug.xcconfig */,
				A030601508A29CA1B8B7130A /* Pods-PotentialMusicStartUpApplicationTests.release.xcconfig */,
			);
			name = Pods;
			sourceTree = "<group>";
		};
		D764CE478E3B7366CC8D14D1 /* Frameworks */ = {
			isa = PBXGroup;
			children = (
				38FD25BE8C3D638084FA5A9E /* Pods_PotentialMusicStartUpApplication.framework */,
				A9FA6F211867C8535D217CCF /* Pods_PotentialMusicStartUpApplicationTests.framework */,
			);
			name = Frameworks;
			sourceTree = "<group>";
		};
/* End PBXGroup section */

/* Begin PBXNativeTarget section */
		81CFD43A1F291E9900E5B1BB /* PotentialMusicStartUpApplication */ = {
			isa = PBXNativeTarget;
			buildConfigurationList = 81CFD4581F291E9900E5B1BB /* Build configuration list for PBXNativeTarget "PotentialMusicStartUpApplication" */;
			buildPhases = (
				9F3BD785117423C42E94C32E /* [CP] Check Pods Manifest.lock */,
				81CFD4371F291E9900E5B1BB /* Sources */,
				81CFD4381F291E9900E5B1BB /* Frameworks */,
				81CFD4391F291E9900E5B1BB /* Resources */,
				4EB5655DDD853556174FCEFB /* [CP] Embed Pods Frameworks */,
				85954F57AF46B8420866D6B5 /* [CP] Copy Pods Resources */,
			);
			buildRules = (
			);
			dependencies = (
			);
			name = PotentialMusicStartUpApplication;
			productName = PotentialMusicStartUpApplication;
			productReference = 81CFD43B1F291E9900E5B1BB /* PotentialMusicStartUpApplication.app */;
			productType = "com.apple.product-type.application";
		};
		81CFD44E1F291E9900E5B1BB /* PotentialMusicStartUpApplicationTests */ = {
			isa = PBXNativeTarget;
			buildConfigurationList = 81CFD45B1F291E9900E5B1BB /* Build configuration list for PBXNativeTarget "PotentialMusicStartUpApplicationTests" */;
			buildPhases = (
				92D355B80070C32FDB88E625 /* [CP] Check Pods Manifest.lock */,
				81CFD44B1F291E9900E5B1BB /* Sources */,
				81CFD44C1F291E9900E5B1BB /* Frameworks */,
				81CFD44D1F291E9900E5B1BB /* Resources */,
				0D07678C4317AD7E93747928 /* [CP] Embed Pods Frameworks */,
				D62264F72CB0B6C60818C0BE /* [CP] Copy Pods Resources */,
			);
			buildRules = (
			);
			dependencies = (
				81CFD4511F291E9900E5B1BB /* PBXTargetDependency */,
			);
			name = PotentialMusicStartUpApplicationTests;
			productName = PotentialMusicStartUpApplicationTests;
			productReference = 81CFD44F1F291E9900E5B1BB /* PotentialMusicStartUpApplicationTests.xctest */;
			productType = "com.apple.product-type.bundle.unit-test";
		};
/* End PBXNativeTarget section */

/* Begin PBXProject section */
		81CFD4331F291E9900E5B1BB /* Project object */ = {
			isa = PBXProject;
			attributes = {
				LastSwiftUpdateCheck = 0830;
				LastUpgradeCheck = 0830;
				ORGANIZATIONNAME = Liam.Kane;
				TargetAttributes = {
					81CFD43A1F291E9900E5B1BB = {
						CreatedOnToolsVersion = 8.3.3;
						DevelopmentTeam = N2N3K3G7JW;
						ProvisioningStyle = Automatic;
					};
					81CFD44E1F291E9900E5B1BB = {
						CreatedOnToolsVersion = 8.3.3;
						DevelopmentTeam = N2N3K3G7JW;
						ProvisioningStyle = Automatic;
						TestTargetID = 81CFD43A1F291E9900E5B1BB;
					};
				};
			};
			buildConfigurationList = 81CFD4361F291E9900E5B1BB /* Build configuration list for PBXProject "PotentialMusicStartUpApplication" */;
			compatibilityVersion = "Xcode 3.2";
			developmentRegion = English;
			hasScannedForEncodings = 0;
			knownRegions = (
				en,
				Base,
			);
			mainGroup = 81CFD4321F291E9900E5B1BB;
			productRefGroup = 81CFD43C1F291E9900E5B1BB /* Products */;
			projectDirPath = "";
			projectRoot = "";
			targets = (
				81CFD43A1F291E9900E5B1BB /* PotentialMusicStartUpApplication */,
				81CFD44E1F291E9900E5B1BB /* PotentialMusicStartUpApplicationTests */,
			);
		};
/* End PBXProject section */

/* Begin PBXResourcesBuildPhase section */
		81CFD4391F291E9900E5B1BB /* Resources */ = {
			isa = PBXResourcesBuildPhase;
			buildActionMask = 2147483647;
			files = (
				8109AE291F2D6E6F00069DD7 /* SongTableViewCell.xib in Resources */,
				81CFD4491F291E9900E5B1BB /* LaunchScreen.storyboard in Resources */,
				81CFD4461F291E9900E5B1BB /* Assets.xcassets in Resources */,
			);
			runOnlyForDeploymentPostprocessing = 0;
		};
		81CFD44D1F291E9900E5B1BB /* Resources */ = {
			isa = PBXResourcesBuildPhase;
			buildActionMask = 2147483647;
			files = (
			);
			runOnlyForDeploymentPostprocessing = 0;
		};
/* End PBXResourcesBuildPhase section */

/* Begin PBXShellScriptBuildPhase section */
		0D07678C4317AD7E93747928 /* [CP] Embed Pods Frameworks */ = {
			isa = PBXShellScriptBuildPhase;
			buildActionMask = 2147483647;
			files = (
			);
			inputPaths = (
			);
			name = "[CP] Embed Pods Frameworks";
			outputPaths = (
			);
			runOnlyForDeploymentPostprocessing = 0;
			shellPath = /bin/sh;
			shellScript = "\"${SRCROOT}/Pods/Target Support Files/Pods-PotentialMusicStartUpApplicationTests/Pods-PotentialMusicStartUpApplicationTests-frameworks.sh\"\n";
			showEnvVarsInLog = 0;
		};
		4EB5655DDD853556174FCEFB /* [CP] Embed Pods Frameworks */ = {
			isa = PBXShellScriptBuildPhase;
			buildActionMask = 2147483647;
			files = (
			);
			inputPaths = (
			);
			name = "[CP] Embed Pods Frameworks";
			outputPaths = (
			);
			runOnlyForDeploymentPostprocessing = 0;
			shellPath = /bin/sh;
			shellScript = "\"${SRCROOT}/Pods/Target Support Files/Pods-PotentialMusicStartUpApplication/Pods-PotentialMusicStartUpApplication-frameworks.sh\"\n";
			showEnvVarsInLog = 0;
		};
		85954F57AF46B8420866D6B5 /* [CP] Copy Pods Resources */ = {
			isa = PBXShellScriptBuildPhase;
			buildActionMask = 2147483647;
			files = (
			);
			inputPaths = (
			);
			name = "[CP] Copy Pods Resources";
			outputPaths = (
			);
			runOnlyForDeploymentPostprocessing = 0;
			shellPath = /bin/sh;
			shellScript = "\"${SRCROOT}/Pods/Target Support Files/Pods-PotentialMusicStartUpApplication/Pods-PotentialMusicStartUpApplication-resources.sh\"\n";
			showEnvVarsInLog = 0;
		};
		92D355B80070C32FDB88E625 /* [CP] Check Pods Manifest.lock */ = {
			isa = PBXShellScriptBuildPhase;
			buildActionMask = 2147483647;
			files = (
			);
			inputPaths = (
			);
			name = "[CP] Check Pods Manifest.lock";
			outputPaths = (
			);
			runOnlyForDeploymentPostprocessing = 0;
			shellPath = /bin/sh;
			shellScript = "diff \"${PODS_PODFILE_DIR_PATH}/Podfile.lock\" \"${PODS_ROOT}/Manifest.lock\" > /dev/null\nif [ $? != 0 ] ; then\n    # print error to STDERR\n    echo \"error: The sandbox is not in sync with the Podfile.lock. Run 'pod install' or update your CocoaPods installation.\" >&2\n    exit 1\nfi\n";
			showEnvVarsInLog = 0;
		};
		9F3BD785117423C42E94C32E /* [CP] Check Pods Manifest.lock */ = {
			isa = PBXShellScriptBuildPhase;
			buildActionMask = 2147483647;
			files = (
			);
			inputPaths = (
			);
			name = "[CP] Check Pods Manifest.lock";
			outputPaths = (
			);
			runOnlyForDeploymentPostprocessing = 0;
			shellPath = /bin/sh;
			shellScript = "diff \"${PODS_PODFILE_DIR_PATH}/Podfile.lock\" \"${PODS_ROOT}/Manifest.lock\" > /dev/null\nif [ $? != 0 ] ; then\n    # print error to STDERR\n    echo \"error: The sandbox is not in sync with the Podfile.lock. Run 'pod install' or update your CocoaPods installation.\" >&2\n    exit 1\nfi\n";
			showEnvVarsInLog = 0;
		};
		D62264F72CB0B6C60818C0BE /* [CP] Copy Pods Resources */ = {
			isa = PBXShellScriptBuildPhase;
			buildActionMask = 2147483647;
			files = (
			);
			inputPaths = (
			);
			name = "[CP] Copy Pods Resources";
			outputPaths = (
			);
			runOnlyForDeploymentPostprocessing = 0;
			shellPath = /bin/sh;
			shellScript = "\"${SRCROOT}/Pods/Target Support Files/Pods-PotentialMusicStartUpApplicationTests/Pods-PotentialMusicStartUpApplicationTests-resources.sh\"\n";
			showEnvVarsInLog = 0;
		};
/* End PBXShellScriptBuildPhase section */

/* Begin PBXSourcesBuildPhase section */
		81CFD4371F291E9900E5B1BB /* Sources */ = {
			isa = PBXSourcesBuildPhase;
			buildActionMask = 2147483647;
			files = (
				817FEAE31F2BCEEF0036D5FE /* SongViewModel.swift in Sources */,
				817FEADF1F2BB6750036D5FE /* SongsTableViewController.swift in Sources */,
				81CFD45F1F29334D00E5B1BB /* RequestManager.swift in Sources */,
				81955FBF1F2993220083911E /* GlobalStrings.swift in Sources */,
				8109AE281F2D6E6F00069DD7 /* SongTableViewCell.swift in Sources */,
				817FEADD1F2AA6680036D5FE /* AuthTokenModel.swift in Sources */,
				8109AE231F2D6C2700069DD7 /* SongTableView.swift in Sources */,
				81CFD43F1F291E9900E5B1BB /* AppDelegate.swift in Sources */,
			);
			runOnlyForDeploymentPostprocessing = 0;
		};
		81CFD44B1F291E9900E5B1BB /* Sources */ = {
			isa = PBXSourcesBuildPhase;
			buildActionMask = 2147483647;
			files = (
				81CFD4541F291E9900E5B1BB /* PotentialMusicStartUpApplicationTests.swift in Sources */,
			);
			runOnlyForDeploymentPostprocessing = 0;
		};
/* End PBXSourcesBuildPhase section */

/* Begin PBXTargetDependency section */
		81CFD4511F291E9900E5B1BB /* PBXTargetDependency */ = {
			isa = PBXTargetDependency;
			target = 81CFD43A1F291E9900E5B1BB /* PotentialMusicStartUpApplication */;
			targetProxy = 81CFD4501F291E9900E5B1BB /* PBXContainerItemProxy */;
		};
/* End PBXTargetDependency section */

/* Begin PBXVariantGroup section */
		81CFD4471F291E9900E5B1BB /* LaunchScreen.storyboard */ = {
			isa = PBXVariantGroup;
			children = (
				81CFD4481F291E9900E5B1BB /* Base */,
			);
			name = LaunchScreen.storyboard;
			sourceTree = "<group>";
		};
/* End PBXVariantGroup section */

/* Begin XCBuildConfiguration section */
		81CFD4561F291E9900E5B1BB /* Debug */ = {
			isa = XCBuildConfiguration;
			buildSettings = {
				ALWAYS_SEARCH_USER_PATHS = NO;
				CLANG_ANALYZER_NONNULL = YES;
				CLANG_ANALYZER_NUMBER_OBJECT_CONVERSION = YES_AGGRESSIVE;
				CLANG_CXX_LANGUAGE_STANDARD = "gnu++0x";
				CLANG_CXX_LIBRARY = "libc++";
				CLANG_ENABLE_MODULES = YES;
				CLANG_ENABLE_OBJC_ARC = YES;
				CLANG_WARN_BOOL_CONVERSION = YES;
				CLANG_WARN_CONSTANT_CONVERSION = YES;
				CLANG_WARN_DIRECT_OBJC_ISA_USAGE = YES_ERROR;
				CLANG_WARN_DOCUMENTATION_COMMENTS = YES;
				CLANG_WARN_EMPTY_BODY = YES;
				CLANG_WARN_ENUM_CONVERSION = YES;
				CLANG_WARN_INFINITE_RECURSION = YES;
				CLANG_WARN_INT_CONVERSION = YES;
				CLANG_WARN_OBJC_ROOT_CLASS = YES_ERROR;
				CLANG_WARN_SUSPICIOUS_MOVE = YES;
				CLANG_WARN_UNREACHABLE_CODE = YES;
				CLANG_WARN__DUPLICATE_METHOD_MATCH = YES;
				"CODE_SIGN_IDENTITY[sdk=iphoneos*]" = "iPhone Developer";
				COPY_PHASE_STRIP = NO;
				DEBUG_INFORMATION_FORMAT = dwarf;
				ENABLE_STRICT_OBJC_MSGSEND = YES;
				ENABLE_TESTABILITY = YES;
				GCC_C_LANGUAGE_STANDARD = gnu99;
				GCC_DYNAMIC_NO_PIC = NO;
				GCC_NO_COMMON_BLOCKS = YES;
				GCC_OPTIMIZATION_LEVEL = 0;
				GCC_PREPROCESSOR_DEFINITIONS = (
					"DEBUG=1",
					"$(inherited)",
				);
				GCC_WARN_64_TO_32_BIT_CONVERSION = YES;
				GCC_WARN_ABOUT_RETURN_TYPE = YES_ERROR;
				GCC_WARN_UNDECLARED_SELECTOR = YES;
				GCC_WARN_UNINITIALIZED_AUTOS = YES_AGGRESSIVE;
				GCC_WARN_UNUSED_FUNCTION = YES;
				GCC_WARN_UNUSED_VARIABLE = YES;
				IPHONEOS_DEPLOYMENT_TARGET = 10.3;
				MTL_ENABLE_DEBUG_INFO = YES;
				ONLY_ACTIVE_ARCH = YES;
				SDKROOT = iphoneos;
				SWIFT_ACTIVE_COMPILATION_CONDITIONS = DEBUG;
				SWIFT_OPTIMIZATION_LEVEL = "-Onone";
				TARGETED_DEVICE_FAMILY = "1,2";
			};
			name = Debug;
		};
		81CFD4571F291E9900E5B1BB /* Release */ = {
			isa = XCBuildConfiguration;
			buildSettings = {
				ALWAYS_SEARCH_USER_PATHS = NO;
				CLANG_ANALYZER_NONNULL = YES;
				CLANG_ANALYZER_NUMBER_OBJECT_CONVERSION = YES_AGGRESSIVE;
				CLANG_CXX_LANGUAGE_STANDARD = "gnu++0x";
				CLANG_CXX_LIBRARY = "libc++";
				CLANG_ENABLE_MODULES = YES;
				CLANG_ENABLE_OBJC_ARC = YES;
				CLANG_WARN_BOOL_CONVERSION = YES;
				CLANG_WARN_CONSTANT_CONVERSION = YES;
				CLANG_WARN_DIRECT_OBJC_ISA_USAGE = YES_ERROR;
				CLANG_WARN_DOCUMENTATION_COMMENTS = YES;
				CLANG_WARN_EMPTY_BODY = YES;
				CLANG_WARN_ENUM_CONVERSION = YES;
				CLANG_WARN_INFINITE_RECURSION = YES;
				CLANG_WARN_INT_CONVERSION = YES;
				CLANG_WARN_OBJC_ROOT_CLASS = YES_ERROR;
				CLANG_WARN_SUSPICIOUS_MOVE = YES;
				CLANG_WARN_UNREACHABLE_CODE = YES;
				CLANG_WARN__DUPLICATE_METHOD_MATCH = YES;
				"CODE_SIGN_IDENTITY[sdk=iphoneos*]" = "iPhone Developer";
				COPY_PHASE_STRIP = NO;
				DEBUG_INFORMATION_FORMAT = "dwarf-with-dsym";
				ENABLE_NS_ASSERTIONS = NO;
				ENABLE_STRICT_OBJC_MSGSEND = YES;
				GCC_C_LANGUAGE_STANDARD = gnu99;
				GCC_NO_COMMON_BLOCKS = YES;
				GCC_WARN_64_TO_32_BIT_CONVERSION = YES;
				GCC_WARN_ABOUT_RETURN_TYPE = YES_ERROR;
				GCC_WARN_UNDECLARED_SELECTOR = YES;
				GCC_WARN_UNINITIALIZED_AUTOS = YES_AGGRESSIVE;
				GCC_WARN_UNUSED_FUNCTION = YES;
				GCC_WARN_UNUSED_VARIABLE = YES;
				IPHONEOS_DEPLOYMENT_TARGET = 10.3;
				MTL_ENABLE_DEBUG_INFO = NO;
				SDKROOT = iphoneos;
				SWIFT_OPTIMIZATION_LEVEL = "-Owholemodule";
				TARGETED_DEVICE_FAMILY = "1,2";
				VALIDATE_PRODUCT = YES;
			};
			name = Release;
		};
		81CFD4591F291E9900E5B1BB /* Debug */ = {
			isa = XCBuildConfiguration;
			baseConfigurationReference = 3FC642786E5935B83099B39A /* Pods-PotentialMusicStartUpApplication.debug.xcconfig */;
			buildSettings = {
				ASSETCATALOG_COMPILER_APPICON_NAME = AppIcon;
				DEVELOPMENT_TEAM = N2N3K3G7JW;
				INFOPLIST_FILE = PotentialMusicStartUpApplication/Info.plist;
				LD_RUNPATH_SEARCH_PATHS = "$(inherited) @executable_path/Frameworks";
				PRODUCT_BUNDLE_IDENTIFIER = nyc.liamkane.musicstartup.PotentialMusicStartUpApplication;
				PRODUCT_NAME = "$(TARGET_NAME)";
				SWIFT_VERSION = 3.0;
			};
			name = Debug;
		};
		81CFD45A1F291E9900E5B1BB /* Release */ = {
			isa = XCBuildConfiguration;
			baseConfigurationReference = 7A1B44D22ACA3F0F3E61C5A6 /* Pods-PotentialMusicStartUpApplication.release.xcconfig */;
			buildSettings = {
				ASSETCATALOG_COMPILER_APPICON_NAME = AppIcon;
				DEVELOPMENT_TEAM = N2N3K3G7JW;
				INFOPLIST_FILE = PotentialMusicStartUpApplication/Info.plist;
				LD_RUNPATH_SEARCH_PATHS = "$(inherited) @executable_path/Frameworks";
				PRODUCT_BUNDLE_IDENTIFIER = nyc.liamkane.musicstartup.PotentialMusicStartUpApplication;
				PRODUCT_NAME = "$(TARGET_NAME)";
				SWIFT_VERSION = 3.0;
			};
			name = Release;
		};
		81CFD45C1F291E9900E5B1BB /* Debug */ = {
			isa = XCBuildConfiguration;
			baseConfigurationReference = 959507A2B740B65EBE759DB0 /* Pods-PotentialMusicStartUpApplicationTests.debug.xcconfig */;
			buildSettings = {
				ALWAYS_EMBED_SWIFT_STANDARD_LIBRARIES = YES;
				BUNDLE_LOADER = "$(TEST_HOST)";
				DEVELOPMENT_TEAM = N2N3K3G7JW;
				INFOPLIST_FILE = PotentialMusicStartUpApplicationTests/Info.plist;
				LD_RUNPATH_SEARCH_PATHS = "$(inherited) @executable_path/Frameworks @loader_path/Frameworks";
				PRODUCT_BUNDLE_IDENTIFIER = nyc.liamkane.musicstartup.PotentialMusicStartUpApplicationTests;
				PRODUCT_NAME = "$(TARGET_NAME)";
				SWIFT_VERSION = 3.0;
				TEST_HOST = "$(BUILT_PRODUCTS_DIR)/PotentialMusicStartUpApplication.app/PotentialMusicStartUpApplication";
			};
			name = Debug;
		};
		81CFD45D1F291E9900E5B1BB /* Release */ = {
			isa = XCBuildConfiguration;
			baseConfigurationReference = A030601508A29CA1B8B7130A /* Pods-PotentialMusicStartUpApplicationTests.release.xcconfig */;
			buildSettings = {
				ALWAYS_EMBED_SWIFT_STANDARD_LIBRARIES = YES;
				BUNDLE_LOADER = "$(TEST_HOST)";
				DEVELOPMENT_TEAM = N2N3K3G7JW;
				INFOPLIST_FILE = PotentialMusicStartUpApplicationTests/Info.plist;
				LD_RUNPATH_SEARCH_PATHS = "$(inherited) @executable_path/Frameworks @loader_path/Frameworks";
				PRODUCT_BUNDLE_IDENTIFIER = nyc.liamkane.musicstartup.PotentialMusicStartUpApplicationTests;
				PRODUCT_NAME = "$(TARGET_NAME)";
				SWIFT_VERSION = 3.0;
				TEST_HOST = "$(BUILT_PRODUCTS_DIR)/PotentialMusicStartUpApplication.app/PotentialMusicStartUpApplication";
			};
			name = Release;
		};
/* End XCBuildConfiguration section */

/* Begin XCConfigurationList section */
		81CFD4361F291E9900E5B1BB /* Build configuration list for PBXProject "PotentialMusicStartUpApplication" */ = {
			isa = XCConfigurationList;
			buildConfigurations = (
				81CFD4561F291E9900E5B1BB /* Debug */,
				81CFD4571F291E9900E5B1BB /* Release */,
			);
			defaultConfigurationIsVisible = 0;
			defaultConfigurationName = Release;
		};
		81CFD4581F291E9900E5B1BB /* Build configuration list for PBXNativeTarget "PotentialMusicStartUpApplication" */ = {
			isa = XCConfigurationList;
			buildConfigurations = (
				81CFD4591F291E9900E5B1BB /* Debug */,
				81CFD45A1F291E9900E5B1BB /* Release */,
			);
			defaultConfigurationIsVisible = 0;
			defaultConfigurationName = Release;
		};
		81CFD45B1F291E9900E5B1BB /* Build configuration list for PBXNativeTarget "PotentialMusicStartUpApplicationTests" */ = {
			isa = XCConfigurationList;
			buildConfigurations = (
				81CFD45C1F291E9900E5B1BB /* Debug */,
				81CFD45D1F291E9900E5B1BB /* Release */,
			);
			defaultConfigurationIsVisible = 0;
			defaultConfigurationName = Release;
		};
/* End XCConfigurationList section */
	};
	rootObject = 81CFD4331F291E9900E5B1BB /* Project object */;
}
